
Microsoft Visual Studio Solution File, Format Version 12.00
# Visual Studio Version 17
VisualStudioVersion = 17.0.31903.59
MinimumVisualStudioVersion = 10.0.40219.1
Project("{FAE04EC0-301F-11D3-BF4B-00C04F79EFBC}") = "StringLibrary", "StringLibrary\StringLibrary.csproj", "{B507731A-0964-40BE-9A7A-66858ADC1D1B}"
EndProject
Project("{FAE04EC0-301F-11D3-BF4B-00C04F79EFBC}") = "ShowCase", "ShowCase\ShowCase.csproj", "{770F6E07-0C4F-4313-A0AA-1FFAA3BD1824}"
EndProject
Global
	GlobalSection(SolutionConfigurationPlatforms) = preSolution
		Debug|Any CPU = Debug|Any CPU
		Release|Any CPU = Release|Any CPU
	EndGlobalSection
	GlobalSection(SolutionProperties) = preSolution
		HideSolutionNode = FALSE
	EndGlobalSection
	GlobalSection(ProjectConfigurationPlatforms) = postSolution
		{B507731A-0964-40BE-9A7A-66858ADC1D1B}.Debug|Any CPU.ActiveCfg = Debug|Any CPU
		{B507731A-0964-40BE-9A7A-66858ADC1D1B}.Debug|Any CPU.Build.0 = Debug|Any CPU
		{B507731A-0964-40BE-9A7A-66858ADC1D1B}.Release|Any CPU.ActiveCfg = Release|Any CPU
		{B507731A-0964-40BE-9A7A-66858ADC1D1B}.Release|Any CPU.Build.0 = Release|Any CPU
		{770F6E07-0C4F-4313-A0AA-1FFAA3BD1824}.Debug|Any CPU.ActiveCfg = Debug|Any CPU
		{770F6E07-0C4F-4313-A0AA-1FFAA3BD1824}.Debug|Any CPU.Build.0 = Debug|Any CPU
		{770F6E07-0C4F-4313-A0AA-1FFAA3BD1824}.Release|Any CPU.ActiveCfg = Release|Any CPU
		{770F6E07-0C4F-4313-A0AA-1FFAA3BD1824}.Release|Any CPU.Build.0 = Release|Any CPU
	EndGlobalSection
EndGlobal
